
Microsoft Visual Studio Solution File, Format Version 12.00
# Visual Studio 15
VisualStudioVersion = 15.0.27130.2003
MinimumVisualStudioVersion = 10.0.40219.1
Project("{FAE04EC0-301F-11D3-BF4B-00C04F79EFBC}") = "Dating", "Dating\Dating.csproj", "{BA728B59-46A2-4834-80E5-B06542D5988E}"
EndProject
Project("{FAE04EC0-301F-11D3-BF4B-00C04F79EFBC}") = "Datalayer", "Datalayer\Datalayer.csproj", "{4CC65754-45E4-42DF-9578-B20DCC5C96AE}"
EndProject
Global
	GlobalSection(SolutionConfigurationPlatforms) = preSolution
		Debug|Any CPU = Debug|Any CPU
		Release|Any CPU = Release|Any CPU
	EndGlobalSection
	GlobalSection(ProjectConfigurationPlatforms) = postSolution
		{BA728B59-46A2-4834-80E5-B06542D5988E}.Debug|Any CPU.ActiveCfg = Debug|Any CPU
		{BA728B59-46A2-4834-80E5-B06542D5988E}.Debug|Any CPU.Build.0 = Debug|Any CPU
		{BA728B59-46A2-4834-80E5-B06542D5988E}.Release|Any CPU.ActiveCfg = Release|Any CPU
		{BA728B59-46A2-4834-80E5-B06542D5988E}.Release|Any CPU.Build.0 = Release|Any CPU
		{4CC65754-45E4-42DF-9578-B20DCC5C96AE}.Debug|Any CPU.ActiveCfg = Debug|Any CPU
		{4CC65754-45E4-42DF-9578-B20DCC5C96AE}.Debug|Any CPU.Build.0 = Debug|Any CPU
		{4CC65754-45E4-42DF-9578-B20DCC5C96AE}.Release|Any CPU.ActiveCfg = Release|Any CPU
		{4CC65754-45E4-42DF-9578-B20DCC5C96AE}.Release|Any CPU.Build.0 = Release|Any CPU
	EndGlobalSection
	GlobalSection(SolutionProperties) = preSolution
		HideSolutionNode = FALSE
	EndGlobalSection
	GlobalSection(ExtensibilityGlobals) = postSolution
		SolutionGuid = {6B1A1B82-0139-4F27-9EF5-77B32C62D33F}
	EndGlobalSection
EndGlobal
